Microsoft Visual Studio Solution File, Format Version 11.00
# Visual Studio 2008

Project("{CC6FEA94-0FC8-8DEE-9210-D8904313BBEF}") = "UnitySamples", "Assembly-CSharp.csproj", "{791299B4-705F-F2DC-AEEE-17D1424B66B7}"
EndProject
Global
	GlobalSection(SolutionConfigurationPlatforms) = preSolution
		Debug|Any CPU = Debug|Any CPU
		Release|Any CPU = Release|Any CPU
	EndGlobalSection
	GlobalSection(ProjectConfigurationPlatforms) = postSolution
		{791299B4-705F-F2DC-AEEE-17D1424B66B7}.Debug|Any CPU.ActiveCfg = Debug|Any CPU
		{791299B4-705F-F2DC-AEEE-17D1424B66B7}.Debug|Any CPU.Build.0 = Debug|Any CPU
		{791299B4-705F-F2DC-AEEE-17D1424B66B7}.Release|Any CPU.ActiveCfg = Release|Any CPU
		{791299B4-705F-F2DC-AEEE-17D1424B66B7}.Release|Any CPU.Build.0 = Release|Any CPU
	EndGlobalSection
	GlobalSection(SolutionProperties) = preSolution
		HideSolutionNode = FALSE
	EndGlobalSection
	GlobalSection(MonoDevelopProperties) = preSolution
		StartupItem = Assembly-CSharp.csproj
	EndGlobalSection
EndGlobal
